<?xml version="1.0" encoding="utf-8"?>
<Project ToolsVersion="4.0" xmlns="http://schemas.microsoft.com/developer/msbuild/2003">
  <ItemGroup>
    <Filter Include="Source Files">
      <UniqueIdentifier>{4FC737F1-C7A5-4376-A066-2A32D752A2FF}</UniqueIdentifier>
      <Extensions>cpp;c;cc;cxx;c++;cppm;ixx;def;odl;idl;hpj;bat;asm;asmx</Extensions>
    </Filter>
    <Filter Include="Header Files">
      <UniqueIdentifier>{93995380-89BD-4b04-88EB-625FBE52EBFB}</UniqueIdentifier>
      <Extensions>h;hh;hpp;hxx;h++;hm;inl;inc;ipp;xsd</Extensions>
    </Filter>
    <Filter Include="Resource Files">
      <UniqueIdentifier>{67DA6AB6-F800-4c08-8B7A-83BB121AAD01}</UniqueIdentifier>
      <Extensions>rc;ico;cur;bmp;dlg;rc2;rct;bin;rgs;gif;jpg;jpeg;jpe;resx;tiff;tif;png;wav;mfcribbon-ms</Extensions>
    </Filter>
    <Filter Include="Header Files\structures">
      <UniqueIdentifier>{221ec429-b69e-41a5-9842-bb2332c8ccfb}</UniqueIdentifier>
    </Filter>
    <Filter Include="Header Files\common">
      <UniqueIdentifier>{038f4ba4-8e6f-4f5c-938d-7e28c5e90d46}</UniqueIdentifier>
    </Filter>
    <Filter Include="Header Files\NacitavanieZoSuboru">
      <UniqueIdentifier>{d2745b69-35a9-4861-b47c-2943033e6ac1}</UniqueIdentifier>
    </Filter>
    <Filter Include="Header Files\data">
      <UniqueIdentifier>{043ccf73-6164-4699-9d85-3f17c2926acd}</UniqueIdentifier>
    </Filter>
    <Filter Include="Header Files\structures\table">
      <UniqueIdentifier>{a1ed1606-94b8-44f4-bf5f-26700818ff4c}</UniqueIdentifier>
    </Filter>
    <Filter Include="Header Files\UZJ">
      <UniqueIdentifier>{22beefd2-7605-4678-922c-ae63745f1b87}</UniqueIdentifier>
    </Filter>
  </ItemGroup>
  <ItemGroup>
    <ClCompile Include="SemestralnaPracaAus1_FuntikovaTimea.cpp">
      <Filter>Source Files</Filter>
    </ClCompile>
    <ClCompile Include="Vector.cpp">
      <Filter>Source Files</Filter>
    </ClCompile>
    <ClCompile Include="Structure.cpp">
      <Filter>Header Files\common</Filter>
    </ClCompile>
    <ClCompile Include="Utils.cpp">
      <Filter>Header Files\common</Filter>
    </ClCompile>
    <ClCompile Include="KriteriumUZJNazov.cpp">
      <Filter>Source Files</Filter>
    </ClCompile>
    <ClCompile Include="Obec.cpp">
      <Filter>Header Files\NacitavanieZoSuboru</Filter>
    </ClCompile>
    <ClCompile Include="Zoznam.cpp">
      <Filter>Header Files\NacitavanieZoSuboru</Filter>
    </ClCompile>
    <ClCompile Include="Rozdelovnik.cpp">
      <Filter>Header Files\NacitavanieZoSuboru</Filter>
    </ClCompile>
    <ClCompile Include="KriteriumUZJTyp.cpp">
      <Filter>Source Files</Filter>
    </ClCompile>
    <ClCompile Include="KriteriumUZJUJVekovaSkupinaPocet.cpp">
      <Filter>Source Files</Filter>
    </ClCompile>
    <ClCompile Include="Reader.cpp">
      <Filter>Source Files</Filter>
    </ClCompile>
    <ClCompile Include="Kraj.cpp">
      <Filter>Source Files</Filter>
    </ClCompile>
    <ClCompile Include="Vek.cpp">
      <Filter>Source Files</Filter>
    </ClCompile>
    <ClCompile Include="Vzdelanie.cpp">
      <Filter>Source Files</Filter>
    </ClCompile>
    <ClCompile Include="KriteriumUZJUJPrislusnost.cpp">
      <Filter>Source Files</Filter>
    </ClCompile>
    <ClCompile Include="KriteriumUZJNadradenaUzemnaJednotka.cpp">
      <Filter>Source Files</Filter>
    </ClCompile>
    <ClCompile Include="KriteriumUZJUJVekPocet.cpp">
      <Filter>Source Files</Filter>
    </ClCompile>
    <ClCompile Include="KriteriumUZJUJVekPodiel.cpp">
      <Filter>Source Files</Filter>
    </ClCompile>
    <ClCompile Include="KriteriumUZJUJVekovaSkupinaPodiel.cpp">
      <Filter>Source Files</Filter>
    </ClCompile>
    <ClCompile Include="KriteriumUZJUJVzdelaniePocet.cpp">
      <Filter>Source Files</Filter>
    </ClCompile>
    <ClCompile Include="KriteriumUZJUJVzdelaniePodiel.cpp">
      <Filter>Source Files</Filter>
    </ClCompile>
  </ItemGroup>
  <ItemGroup>
    <ClInclude Include="Array.h">
      <Filter>Header Files\structures</Filter>
    </ClInclude>
    <ClInclude Include="ArrayList.h">
      <Filter>Header Files\structures</Filter>
    </ClInclude>
    <ClInclude Include="Kriterium.h">
      <Filter>Header Files\structures</Filter>
    </ClInclude>
    <ClInclude Include="KriteriumUZJ.h">
      <Filter>Header Files\structures</Filter>
    </ClInclude>
    <ClInclude Include="List.h">
      <Filter>Header Files\structures</Filter>
    </ClInclude>
    <ClInclude Include="Vector.h">
      <Filter>Header Files\structures</Filter>
    </ClInclude>
    <ClInclude Include="Structure.h">
      <Filter>Header Files\common</Filter>
    </ClInclude>
    <ClInclude Include="Structure_Iterator.h">
      <Filter>Header Files\common</Filter>
    </ClInclude>
    <ClInclude Include="Types.h">
      <Filter>Header Files\common</Filter>
    </ClInclude>
    <ClInclude Include="KriteriumUZJNazov.h">
      <Filter>Header Files\structures</Filter>
    </ClInclude>
    <ClInclude Include="KriteriumUZJUJVekPocet.h">
      <Filter>Header Files\structures</Filter>
    </ClInclude>
    <ClInclude Include="KriteriumUZJUJPrislusnost.h">
      <Filter>Header Files\structures</Filter>
    </ClInclude>
    <ClInclude Include="KriteriumUZJUJVzdelaniePodiel.h">
      <Filter>Header Files\structures</Filter>
    </ClInclude>
    <ClInclude Include="KriteriumUZJUJVzdelaniePocet.h">
      <Filter>Header Files\structures</Filter>
    </ClInclude>
    <ClInclude Include="KriteriumUZJUJVekovaSkupinaPocet.h">
      <Filter>Header Files\structures</Filter>
    </ClInclude>
    <ClInclude Include="KriteriumUZJUJVekovaSkupinaPodiel.h">
      <Filter>Header Files\structures</Filter>
    </ClInclude>
    <ClInclude Include="KriteriumUZJNadradenaUzemnaJednotka.h">
      <Filter>Header Files\structures</Filter>
    </ClInclude>
    <ClInclude Include="KriteriumUZJUJVekPodiel.h">
      <Filter>Header Files\structures</Filter>
    </ClInclude>
    <ClInclude Include="IObec.h">
      <Filter>Header Files\NacitavanieZoSuboru</Filter>
    </ClInclude>
    <ClInclude Include="Obec.h">
      <Filter>Header Files\NacitavanieZoSuboru</Filter>
    </ClInclude>
    <ClInclude Include="Zoznam.h">
      <Filter>Header Files\NacitavanieZoSuboru</Filter>
    </ClInclude>
    <ClInclude Include="Rozdelovnik.h">
      <Filter>Header Files\NacitavanieZoSuboru</Filter>
    </ClInclude>
    <ClInclude Include="KriteriumUZJTyp.h">
      <Filter>Header Files\structures</Filter>
    </ClInclude>
    <ClInclude Include="Filter.h">
      <Filter>Header Files\structures</Filter>
    </ClInclude>
    <ClInclude Include="FilterWithCriterion.h">
      <Filter>Header Files\structures</Filter>
    </ClInclude>
    <ClInclude Include="FilterUJNazov.h">
      <Filter>Header Files\structures</Filter>
    </ClInclude>
    <ClInclude Include="FilterUJTyp.h">
      <Filter>Header Files\structures</Filter>
    </ClInclude>
    <ClInclude Include="FilterUJPrislusnost.h">
      <Filter>Header Files</Filter>
    </ClInclude>
    <ClInclude Include="Filter_fi.h">
      <Filter>Header Files\structures</Filter>
    </ClInclude>
    <ClInclude Include="Filter_Fl.h">
      <Filter>Header Files\structures</Filter>
    </ClInclude>
    <ClInclude Include="CompositeFilter.h">
      <Filter>Header Files\structures</Filter>
    </ClInclude>
    <ClInclude Include="Filter_AND.h">
      <Filter>Header Files\structures</Filter>
    </ClInclude>
    <ClInclude Include="Filter_OR.h">
      <Filter>Header Files\structures</Filter>
    </ClInclude>
    <ClInclude Include="table\sequence_table.h">
      <Filter>Header Files\structures\table</Filter>
    </ClInclude>
    <ClInclude Include="table\sorted_sequence_table.h">
      <Filter>Header Files\structures\table</Filter>
    </ClInclude>
    <ClInclude Include="table\table.h">
      <Filter>Header Files\structures\table</Filter>
    </ClInclude>
    <ClInclude Include="table\data_item.h">
      <Filter>Header Files\structures\table</Filter>
    </ClInclude>
    <ClInclude Include="Reader.h">
      <Filter>Header Files</Filter>
    </ClInclude>
    <ClInclude Include="Kraj.h">
      <Filter>Header Files\UZJ</Filter>
    </ClInclude>
    <ClInclude Include="linked_list.h">
      <Filter>Header Files\structures</Filter>
    </ClInclude>
    <ClInclude Include="Vek.h">
      <Filter>Header Files\structures</Filter>
    </ClInclude>
    <ClInclude Include="Enums.h">
      <Filter>Header Files\UZJ</Filter>
    </ClInclude>
    <ClInclude Include="Vzdelanie.h">
      <Filter>Header Files\structures</Filter>
    </ClInclude>
    <ClInclude Include="UZJ.h">
      <Filter>Header Files\UZJ</Filter>
    </ClInclude>
    <ClInclude Include="Handler.h">
      <Filter>Header Files</Filter>
    </ClInclude>
  </ItemGroup>
  <ItemGroup>
    <None Include="ClassDiagram.cd" />
    <None Include="ClassDiagram1.cd">
      <Filter>Source Files</Filter>
    </None>
    <None Include="data\obce.csv">
      <Filter>Header Files\data</Filter>
    </None>
    <None Include="data\okresy.csv">
      <Filter>Header Files\data</Filter>
    </None>
    <None Include="data\vek.csv">
      <Filter>Header Files\data</Filter>
    </None>
    <None Include="data\vzdelanie.csv">
      <Filter>Header Files\data</Filter>
    </None>
    <None Include="data\kraje.csv">
      <Filter>Header Files\data</Filter>
    </None>
  </ItemGroup>
</Project>