<?xml version="1.0" encoding="utf-8"?>
<Project ToolsVersion="4.0" xmlns="http://schemas.microsoft.com/developer/msbuild/2003">
  <ItemGroup>
    <Filter Include="Source Files">
      <UniqueIdentifier>{4FC737F1-C7A5-4376-A066-2A32D752A2FF}</UniqueIdentifier>
      <Extensions>cpp;c;cc;cxx;c++;cppm;ixx;def;odl;idl;hpj;bat;asm;asmx</Extensions>
    </Filter>
    <Filter Include="Header Files">
      <UniqueIdentifier>{93995380-89BD-4b04-88EB-625FBE52EBFB}</UniqueIdentifier>
      <Extensions>h;hh;hpp;hxx;h++;hm;inl;inc;ipp;xsd</Extensions>
    </Filter>
    <Filter Include="Resource Files">
      <UniqueIdentifier>{67DA6AB6-F800-4c08-8B7A-83BB121AAD01}</UniqueIdentifier>
      <Extensions>rc;ico;cur;bmp;dlg;rc2;rct;bin;rgs;gif;jpg;jpeg;jpe;resx;tiff;tif;png;wav;mfcribbon-ms</Extensions>
    </Filter>
    <Filter Include="Header Files\structures">
      <UniqueIdentifier>{221ec429-b69e-41a5-9842-bb2332c8ccfb}</UniqueIdentifier>
    </Filter>
    <Filter Include="Header Files\common">
      <UniqueIdentifier>{038f4ba4-8e6f-4f5c-938d-7e28c5e90d46}</UniqueIdentifier>
    </Filter>
    <Filter Include="Header Files\NacitavanieZoSuboru">
      <UniqueIdentifier>{d2745b69-35a9-4861-b47c-2943033e6ac1}</UniqueIdentifier>
    </Filter>
  </ItemGroup>
  <ItemGroup>
    <ClCompile Include="SemestralnaPracaAus1_FuntikovaTimea.cpp">
      <Filter>Source Files</Filter>
    </ClCompile>
    <ClCompile Include="Vector.cpp">
      <Filter>Source Files</Filter>
    </ClCompile>
    <ClCompile Include="Structure.cpp">
      <Filter>Header Files\common</Filter>
    </ClCompile>
    <ClCompile Include="Utils.cpp">
      <Filter>Header Files\common</Filter>
    </ClCompile>
    <ClCompile Include="KriteriumUZJ_B_SNazov.cpp">
      <Filter>Source Files</Filter>
    </ClCompile>
    <ClCompile Include="UzemnaJednotka.cpp">
      <Filter>Source Files</Filter>
    </ClCompile>
    <ClCompile Include="Obec.cpp">
      <Filter>Header Files\NacitavanieZoSuboru</Filter>
    </ClCompile>
    <ClCompile Include="Zoznam.cpp">
      <Filter>Header Files\NacitavanieZoSuboru</Filter>
    </ClCompile>
    <ClCompile Include="Rozdelovnik.cpp">
      <Filter>Header Files\NacitavanieZoSuboru</Filter>
    </ClCompile>
  </ItemGroup>
  <ItemGroup>
    <ClInclude Include="Array.h">
      <Filter>Header Files\structures</Filter>
    </ClInclude>
    <ClInclude Include="ArrayList.h">
      <Filter>Header Files\structures</Filter>
    </ClInclude>
    <ClInclude Include="Kriterium.h">
      <Filter>Header Files\structures</Filter>
    </ClInclude>
    <ClInclude Include="KriteriumUZJ_B_S.h">
      <Filter>Header Files\structures</Filter>
    </ClInclude>
    <ClInclude Include="List.h">
      <Filter>Header Files\structures</Filter>
    </ClInclude>
    <ClInclude Include="Vector.h">
      <Filter>Header Files\structures</Filter>
    </ClInclude>
    <ClInclude Include="Structure.h">
      <Filter>Header Files\common</Filter>
    </ClInclude>
    <ClInclude Include="Structure_Iterator.h">
      <Filter>Header Files\common</Filter>
    </ClInclude>
    <ClInclude Include="Types.h">
      <Filter>Header Files\common</Filter>
    </ClInclude>
    <ClInclude Include="UZJ_B_S.h">
      <Filter>Header Files\structures</Filter>
    </ClInclude>
    <ClInclude Include="KriteriumUZJ_B_SNazov.h">
      <Filter>Header Files\structures</Filter>
    </ClInclude>
    <ClInclude Include="KriteriumUZJ_B_SUJVekPocet.h">
      <Filter>Header Files\structures</Filter>
    </ClInclude>
    <ClInclude Include="KriteriumUZJ_B_SUJPrislusnost.h">
      <Filter>Header Files\structures</Filter>
    </ClInclude>
    <ClInclude Include="KriteriumUZJ_B_SUJVzdelaniePodiel.h">
      <Filter>Header Files\structures</Filter>
    </ClInclude>
    <ClInclude Include="KriteriumUZJ_B_SUJVzdelaniePocet.h">
      <Filter>Header Files\structures</Filter>
    </ClInclude>
    <ClInclude Include="KriteriumUZJ_B_SUJVekovaSkupinaPocet.h">
      <Filter>Header Files\structures</Filter>
    </ClInclude>
    <ClInclude Include="KriteriumUZJ_B_SUJVekovaSkupinaPodiel.h">
      <Filter>Header Files\structures</Filter>
    </ClInclude>
    <ClInclude Include="KriteriumUZJ_B_SNadradenaUzemnaJednotka.h">
      <Filter>Header Files\structures</Filter>
    </ClInclude>
    <ClInclude Include="KriteriumUZJ_B_SUJVekPodiel.h">
      <Filter>Header Files\structures</Filter>
    </ClInclude>
    <ClInclude Include="UzemnaJednotka.h">
      <Filter>Header Files\structures</Filter>
    </ClInclude>
    <ClInclude Include="IObec.h">
      <Filter>Header Files\NacitavanieZoSuboru</Filter>
    </ClInclude>
    <ClInclude Include="Obec.h">
      <Filter>Header Files\NacitavanieZoSuboru</Filter>
    </ClInclude>
    <ClInclude Include="Zoznam.h">
      <Filter>Header Files\NacitavanieZoSuboru</Filter>
    </ClInclude>
    <ClInclude Include="Rozdelovnik.h">
      <Filter>Header Files\NacitavanieZoSuboru</Filter>
    </ClInclude>
  </ItemGroup>
  <ItemGroup>
    <None Include="ClassDiagram.cd" />
  </ItemGroup>
</Project>